
Microsoft Visual Studio Solution File, Format Version 12.00
# Visual Studio Version 16
VisualStudioVersion = 16.0.31129.286
MinimumVisualStudioVersion = 10.0.40219.1
Project("{9A19103F-16F7-4668-BE54-9A1E7A4F7556}") = "ConceptAttribute", "ConceptAttribute\ConceptAttribute.csproj", "{AF44DC7B-083A-4F4E-9496-0BE3EFCDAF13}"
EndProject
Project("{9A19103F-16F7-4668-BE54-9A1E7A4F7556}") = "Concept.Test", "Concept.Test\Concept.Test.csproj", "{4461EE07-62E1-4798-BC1E-A2EC2BEFACB2}"
EndProject
Project("{9A19103F-16F7-4668-BE54-9A1E7A4F7556}") = "DataBase.Data", "DataBase.Data\DataBase.Data.csproj", "{161BC5FC-38FE-4BC8-9DAA-4FC406AB6F5B}"
EndProject
Project("{9A19103F-16F7-4668-BE54-9A1E7A4F7556}") = "DataaBase.DataTest", "DataaBase.DataTest\DataaBase.DataTest.csproj", "{BD3A2DA9-331A-40DA-BCBA-F782F8E20AF5}"
EndProject
Project("{FAE04EC0-301F-11D3-BF4B-00C04F79EFBC}") = "改进后的DataBase", "改进后的DataBase\改进后的DataBase.csproj", "{7090CA54-B233-4292-9546-55D8A4BF0ECD}"
EndProject
Global
	GlobalSection(SolutionConfigurationPlatforms) = preSolution
		Debug|Any CPU = Debug|Any CPU
		Release|Any CPU = Release|Any CPU
	EndGlobalSection
	GlobalSection(ProjectConfigurationPlatforms) = postSolution
		{AF44DC7B-083A-4F4E-9496-0BE3EFCDAF13}.Debug|Any CPU.ActiveCfg = Debug|Any CPU
		{AF44DC7B-083A-4F4E-9496-0BE3EFCDAF13}.Debug|Any CPU.Build.0 = Debug|Any CPU
		{AF44DC7B-083A-4F4E-9496-0BE3EFCDAF13}.Release|Any CPU.ActiveCfg = Release|Any CPU
		{AF44DC7B-083A-4F4E-9496-0BE3EFCDAF13}.Release|Any CPU.Build.0 = Release|Any CPU
		{4461EE07-62E1-4798-BC1E-A2EC2BEFACB2}.Debug|Any CPU.ActiveCfg = Debug|Any CPU
		{4461EE07-62E1-4798-BC1E-A2EC2BEFACB2}.Debug|Any CPU.Build.0 = Debug|Any CPU
		{4461EE07-62E1-4798-BC1E-A2EC2BEFACB2}.Release|Any CPU.ActiveCfg = Release|Any CPU
		{4461EE07-62E1-4798-BC1E-A2EC2BEFACB2}.Release|Any CPU.Build.0 = Release|Any CPU
		{161BC5FC-38FE-4BC8-9DAA-4FC406AB6F5B}.Debug|Any CPU.ActiveCfg = Debug|Any CPU
		{161BC5FC-38FE-4BC8-9DAA-4FC406AB6F5B}.Debug|Any CPU.Build.0 = Debug|Any CPU
		{161BC5FC-38FE-4BC8-9DAA-4FC406AB6F5B}.Release|Any CPU.ActiveCfg = Release|Any CPU
		{161BC5FC-38FE-4BC8-9DAA-4FC406AB6F5B}.Release|Any CPU.Build.0 = Release|Any CPU
		{BD3A2DA9-331A-40DA-BCBA-F782F8E20AF5}.Debug|Any CPU.ActiveCfg = Debug|Any CPU
		{BD3A2DA9-331A-40DA-BCBA-F782F8E20AF5}.Debug|Any CPU.Build.0 = Debug|Any CPU
		{BD3A2DA9-331A-40DA-BCBA-F782F8E20AF5}.Release|Any CPU.ActiveCfg = Release|Any CPU
		{BD3A2DA9-331A-40DA-BCBA-F782F8E20AF5}.Release|Any CPU.Build.0 = Release|Any CPU
		{7090CA54-B233-4292-9546-55D8A4BF0ECD}.Debug|Any CPU.ActiveCfg = Debug|Any CPU
		{7090CA54-B233-4292-9546-55D8A4BF0ECD}.Debug|Any CPU.Build.0 = Debug|Any CPU
		{7090CA54-B233-4292-9546-55D8A4BF0ECD}.Release|Any CPU.ActiveCfg = Release|Any CPU
		{7090CA54-B233-4292-9546-55D8A4BF0ECD}.Release|Any CPU.Build.0 = Release|Any CPU
	EndGlobalSection
	GlobalSection(SolutionProperties) = preSolution
		HideSolutionNode = FALSE
	EndGlobalSection
	GlobalSection(ExtensibilityGlobals) = postSolution
		SolutionGuid = {921F51B4-8F54-41B2-B621-D7AE06F4EB05}
	EndGlobalSection
EndGlobal
