
Microsoft Visual Studio Solution File, Format Version 12.00
# Visual Studio Version 16
VisualStudioVersion = 16.0.30320.27
MinimumVisualStudioVersion = 10.0.40219.1
Project("{FAE04EC0-301F-11D3-BF4B-00C04F79EFBC}") = "Demo_Decorator", "Demo_\Demo_Decorator.csproj", "{989EC259-F660-4EB1-B860-39BEB44A5C9A}"
EndProject
Global
	GlobalSection(SolutionConfigurationPlatforms) = preSolution
		Debug|Any CPU = Debug|Any CPU
		Release|Any CPU = Release|Any CPU
	EndGlobalSection
	GlobalSection(ProjectConfigurationPlatforms) = postSolution
		{989EC259-F660-4EB1-B860-39BEB44A5C9A}.Debug|Any CPU.ActiveCfg = Debug|Any CPU
		{989EC259-F660-4EB1-B860-39BEB44A5C9A}.Debug|Any CPU.Build.0 = Debug|Any CPU
		{989EC259-F660-4EB1-B860-39BEB44A5C9A}.Release|Any CPU.ActiveCfg = Release|Any CPU
		{989EC259-F660-4EB1-B860-39BEB44A5C9A}.Release|Any CPU.Build.0 = Release|Any CPU
	EndGlobalSection
	GlobalSection(SolutionProperties) = preSolution
		HideSolutionNode = FALSE
	EndGlobalSection
	GlobalSection(ExtensibilityGlobals) = postSolution
		SolutionGuid = {D3A6E279-C192-4681-B76C-A68010C6C9AB}
	EndGlobalSection
EndGlobal
