
Microsoft Visual Studio Solution File, Format Version 12.00
# Visual Studio Version 16
VisualStudioVersion = 16.0.30320.27
MinimumVisualStudioVersion = 10.0.40219.1
Project("{9A19103F-16F7-4668-BE54-9A1E7A4F7556}") = "Crawler.API", "Crawler.API\Crawler.API.csproj", "{9E6E88A3-E7EF-42EB-BDCD-BD8A6DD70B95}"
EndProject
Project("{9A19103F-16F7-4668-BE54-9A1E7A4F7556}") = "NUnitTestProject", "NUnitTestProject\NUnitTestProject.csproj", "{C50D4B78-E080-4135-B498-99AA27FC878D}"
EndProject
Project("{9A19103F-16F7-4668-BE54-9A1E7A4F7556}") = "Crawler.Utility", "Crawler.Utility\Crawler.Utility.csproj", "{A223D182-832C-4856-8540-5712BF710913}"
EndProject
Global
	GlobalSection(SolutionConfigurationPlatforms) = preSolution
		Debug|Any CPU = Debug|Any CPU
		Release|Any CPU = Release|Any CPU
	EndGlobalSection
	GlobalSection(ProjectConfigurationPlatforms) = postSolution
		{9E6E88A3-E7EF-42EB-BDCD-BD8A6DD70B95}.Debug|Any CPU.ActiveCfg = Debug|Any CPU
		{9E6E88A3-E7EF-42EB-BDCD-BD8A6DD70B95}.Debug|Any CPU.Build.0 = Debug|Any CPU
		{9E6E88A3-E7EF-42EB-BDCD-BD8A6DD70B95}.Release|Any CPU.ActiveCfg = Release|Any CPU
		{9E6E88A3-E7EF-42EB-BDCD-BD8A6DD70B95}.Release|Any CPU.Build.0 = Release|Any CPU
		{C50D4B78-E080-4135-B498-99AA27FC878D}.Debug|Any CPU.ActiveCfg = Debug|Any CPU
		{C50D4B78-E080-4135-B498-99AA27FC878D}.Debug|Any CPU.Build.0 = Debug|Any CPU
		{C50D4B78-E080-4135-B498-99AA27FC878D}.Release|Any CPU.ActiveCfg = Release|Any CPU
		{C50D4B78-E080-4135-B498-99AA27FC878D}.Release|Any CPU.Build.0 = Release|Any CPU
		{A223D182-832C-4856-8540-5712BF710913}.Debug|Any CPU.ActiveCfg = Debug|Any CPU
		{A223D182-832C-4856-8540-5712BF710913}.Debug|Any CPU.Build.0 = Debug|Any CPU
		{A223D182-832C-4856-8540-5712BF710913}.Release|Any CPU.ActiveCfg = Release|Any CPU
		{A223D182-832C-4856-8540-5712BF710913}.Release|Any CPU.Build.0 = Release|Any CPU
	EndGlobalSection
	GlobalSection(SolutionProperties) = preSolution
		HideSolutionNode = FALSE
	EndGlobalSection
	GlobalSection(ExtensibilityGlobals) = postSolution
		SolutionGuid = {55915B5D-4F9B-4DCB-B40C-50E76443AF80}
	EndGlobalSection
EndGlobal
