
Microsoft Visual Studio Solution File, Format Version 12.00
# Visual Studio Version 16
VisualStudioVersion = 16.0.30621.155
MinimumVisualStudioVersion = 10.0.40219.1
Project("{FAE04EC0-301F-11D3-BF4B-00C04F79EFBC}") = "OWINBlog", "OWINBlog\OWINBlog.csproj", "{87642002-BC92-46F9-A7CA-5C70C4D4EEEE}"
EndProject
Global
	GlobalSection(SolutionConfigurationPlatforms) = preSolution
		Debug|Any CPU = Debug|Any CPU
		Release|Any CPU = Release|Any CPU
	EndGlobalSection
	GlobalSection(ProjectConfigurationPlatforms) = postSolution
		{87642002-BC92-46F9-A7CA-5C70C4D4EEEE}.Debug|Any CPU.ActiveCfg = Debug|Any CPU
		{87642002-BC92-46F9-A7CA-5C70C4D4EEEE}.Debug|Any CPU.Build.0 = Debug|Any CPU
		{87642002-BC92-46F9-A7CA-5C70C4D4EEEE}.Release|Any CPU.ActiveCfg = Release|Any CPU
		{87642002-BC92-46F9-A7CA-5C70C4D4EEEE}.Release|Any CPU.Build.0 = Release|Any CPU
	EndGlobalSection
	GlobalSection(SolutionProperties) = preSolution
		HideSolutionNode = FALSE
	EndGlobalSection
	GlobalSection(ExtensibilityGlobals) = postSolution
		SolutionGuid = {2E83FE0F-9355-4248-8F6A-C5189CB5FB11}
	EndGlobalSection
EndGlobal
