
Microsoft Visual Studio Solution File, Format Version 12.00
# Visual Studio Version 16
VisualStudioVersion = 16.0.30406.217
MinimumVisualStudioVersion = 10.0.40219.1
Project("{FAE04EC0-301F-11D3-BF4B-00C04F79EFBC}") = "职责链模式", "职责链模式\职责链模式.csproj", "{4BC7F71A-6229-47F0-A34B-00D3196A8009}"
EndProject
Global
	GlobalSection(SolutionConfigurationPlatforms) = preSolution
		Debug|Any CPU = Debug|Any CPU
		Release|Any CPU = Release|Any CPU
	EndGlobalSection
	GlobalSection(ProjectConfigurationPlatforms) = postSolution
		{4BC7F71A-6229-47F0-A34B-00D3196A8009}.Debug|Any CPU.ActiveCfg = Debug|Any CPU
		{4BC7F71A-6229-47F0-A34B-00D3196A8009}.Debug|Any CPU.Build.0 = Debug|Any CPU
		{4BC7F71A-6229-47F0-A34B-00D3196A8009}.Release|Any CPU.ActiveCfg = Release|Any CPU
		{4BC7F71A-6229-47F0-A34B-00D3196A8009}.Release|Any CPU.Build.0 = Release|Any CPU
	EndGlobalSection
	GlobalSection(SolutionProperties) = preSolution
		HideSolutionNode = FALSE
	EndGlobalSection
	GlobalSection(ExtensibilityGlobals) = postSolution
		SolutionGuid = {52203034-B009-4858-9D16-1C4D905BEBFA}
	EndGlobalSection
EndGlobal
