
Microsoft Visual Studio Solution File, Format Version 12.00
# Visual Studio Version 16
VisualStudioVersion = 16.0.30413.136
MinimumVisualStudioVersion = 10.0.40219.1
Project("{FAE04EC0-301F-11D3-BF4B-00C04F79EFBC}") = "TaskAsyncDemo", "TaskAsyncDemo\TaskAsyncDemo.csproj", "{9B6C1698-9B5F-4AD1-B642-07F85A5B145A}"
EndProject
Global
	GlobalSection(SolutionConfigurationPlatforms) = preSolution
		Debug|Any CPU = Debug|Any CPU
		Release|Any CPU = Release|Any CPU
	EndGlobalSection
	GlobalSection(ProjectConfigurationPlatforms) = postSolution
		{9B6C1698-9B5F-4AD1-B642-07F85A5B145A}.Debug|Any CPU.ActiveCfg = Debug|Any CPU
		{9B6C1698-9B5F-4AD1-B642-07F85A5B145A}.Debug|Any CPU.Build.0 = Debug|Any CPU
		{9B6C1698-9B5F-4AD1-B642-07F85A5B145A}.Release|Any CPU.ActiveCfg = Release|Any CPU
		{9B6C1698-9B5F-4AD1-B642-07F85A5B145A}.Release|Any CPU.Build.0 = Release|Any CPU
	EndGlobalSection
	GlobalSection(SolutionProperties) = preSolution
		HideSolutionNode = FALSE
	EndGlobalSection
	GlobalSection(ExtensibilityGlobals) = postSolution
		SolutionGuid = {182C7604-4A3B-47C7-84E9-B54F03B5094F}
	EndGlobalSection
EndGlobal
